dependencies:
- name: alfred
  repository: file://../alfred
  version: 0.1.0
- name: app-onboarding
  repository: file://../app-onboarding
  version: 0.1.0
- name: approvals
  repository: file://../approvals
  version: 0.1.0
- name: asset-observability
  repository: file://../asset-observability
  version: 0.1.0
- name: audit
  repository: file://../audit
  version: 0.1.0
- name: control-plane
  repository: file://../control-plane
  version: 0.1.0
- name: deploy-orchestrator
  repository: file://../deploy-orchestrator
  version: 0.1.0
- name: diagnosis
  repository: file://../diagnosis
  version: 0.1.0
- name: eval-harness-adv
  repository: file://../eval-harness-adv
  version: 0.1.0
- name: evolution
  repository: file://../evolution
  version: 0.1.0
- name: finops
  repository: file://../finops
  version: 0.1.0
- name: finops-advisor
  repository: file://../finops-advisor
  version: 0.1.0
- name: healing-engine
  repository: file://../healing-engine
  version: 0.1.0
- name: iac-drift
  repository: file://../iac-drift
  version: 0.1.0
- name: incident-detection
  repository: file://../incident-detection
  version: 0.1.0
- name: incidents-kb
  repository: file://../incidents-kb
  version: 0.1.0
- name: marketplace
  repository: file://../marketplace
  version: 0.1.0
- name: mcp
  repository: file://../mcp
  version: 0.1.0
- name: openspec
  repository: file://../openspec
  version: 0.1.0
- name: permissions
  repository: file://../permissions
  version: 0.1.0
- name: policy-engine
  repository: file://../policy-engine
  version: 0.1.0
- name: postmortem
  repository: file://../postmortem
  version: 0.1.0
- name: prompt-registry
  repository: file://../prompt-registry
  version: 0.1.0
- name: rag-ingest
  repository: file://../rag-ingest
  version: 0.1.0
- name: rag-query
  repository: file://../rag-query
  version: 0.1.0
- name: registry
  repository: file://../registry
  version: 0.1.0
- name: runtime-registry
  repository: file://../runtime-registry
  version: 0.1.0
- name: scaffolder
  repository: file://../scaffolder
  version: 0.1.0
- name: sdlc-orchestrator
  repository: file://../sdlc-orchestrator
  version: 0.1.0
- name: traceability
  repository: file://../traceability
  version: 0.1.0
- name: webhooks
  repository: file://../webhooks
  version: 0.1.0
- name: workflow-registry
  repository: file://../workflow-registry
  version: 0.1.0
- name: workflow-runtime
  repository: file://../workflow-runtime
  version: 0.1.0
- name: retention-jobs
  repository: file://../retention-jobs
  version: 0.1.0
digest: sha256:6145dec6cb7ab446e1197069d21e896363315c2b35a92b830302c3ac73edbf10
generated: "2026-05-09T14:54:07.9343499-04:00"
